// !$*UTF8*$!
{
	archiveVersion = 1;
	classes = {
	};
	objectVersion = 56;
	objects = {

/* Begin PBXBuildFile section */
		A04ED6242AC1D688000F587E /* AppDelegate.swift in Sources */ = {isa = PBXBuildFile; fileRef = A04ED6232AC1D688000F587E /* AppDelegate.swift */; };
		A04ED6262AC1D688000F587E /* SceneDelegate.swift in Sources */ = {isa = PBXBuildFile; fileRef = A04ED6252AC1D688000F587E /* SceneDelegate.swift */; };
		A04ED6282AC1D688000F587E /* ViewController.swift in Sources */ = {isa = PBXBuildFile; fileRef = A04ED6272AC1D688000F587E /* ViewController.swift */; };
		A04ED62B2AC1D688000F587E /* Main.storyboard in Resources */ = {isa = PBXBuildFile; fileRef = A04ED6292AC1D688000F587E /* Main.storyboard */; };
		A04ED62D2AC1D689000F587E /* Assets.xcassets in Resources */ = {isa = PBXBuildFile; fileRef = A04ED62C2AC1D689000F587E /* Assets.xcassets */; };
		A04ED6302AC1D689000F587E /* LaunchScreen.storyboard in Resources */ = {isa = PBXBuildFile; fileRef = A04ED62E2AC1D689000F587E /* LaunchScreen.storyboard */; };
		A04ED63B2AC1D68A000F587E /* Sleep_Paralysis_Demon_SlayerTests.swift in Sources */ = {isa = PBXBuildFile; fileRef = A04ED63A2AC1D68A000F587E /* Sleep_Paralysis_Demon_SlayerTests.swift */; };
		A04ED6452AC1D68A000F587E /* Sleep_Paralysis_Demon_SlayerUITests.swift in Sources */ = {isa = PBXBuildFile; fileRef = A04ED6442AC1D68A000F587E /* Sleep_Paralysis_Demon_SlayerUITests.swift */; };
		A04ED6472AC1D68A000F587E /* Sleep_Paralysis_Demon_SlayerUITestsLaunchTests.swift in Sources */ = {isa = PBXBuildFile; fileRef = A04ED6462AC1D68A000F587E /* Sleep_Paralysis_Demon_SlayerUITestsLaunchTests.swift */; };
/* End PBXBuildFile section */

/* Begin PBXContainerItemProxy section */
		A04ED6372AC1D68A000F587E /* PBXContainerItemProxy */ = {
			isa = PBXContainerItemProxy;
			containerPortal = A04ED6182AC1D688000F587E /* Project object */;
			proxyType = 1;
			remoteGlobalIDString = A04ED61F2AC1D688000F587E;
			remoteInfo = "Sleep Paralysis Demon Slayer";
		};
		A04ED6412AC1D68A000F587E /* PBXContainerItemProxy */ = {
			isa = PBXContainerItemProxy;
			containerPortal = A04ED6182AC1D688000F587E /* Project object */;
			proxyType = 1;
			remoteGlobalIDString = A04ED61F2AC1D688000F587E;
			remoteInfo = "Sleep Paralysis Demon Slayer";
		};
/* End PBXContainerItemProxy section */

/* Begin PBXFileReference section */
		A04ED6202AC1D688000F587E /* Sleep Paralysis Demon Slayer.app */ = {isa = PBXFileReference; explicitFileType = wrapper.application; includeInIndex = 0; path = "Sleep Paralysis Demon Slayer.app"; sourceTree = BUILT_PRODUCTS_DIR; };
		A04ED6232AC1D688000F587E /* AppDelegate.swift */ = {isa = PBXFileReference; lastKnownFileType = sourcecode.swift; path = AppDelegate.swift; sourceTree = "<group>"; };
		A04ED6252AC1D688000F587E /* SceneDelegate.swift */ = {isa = PBXFileReference; lastKnownFileType = sourcecode.swift; path = SceneDelegate.swift; sourceTree = "<group>"; };
		A04ED6272AC1D688000F587E /* ViewController.swift */ = {isa = PBXFileReference; lastKnownFileType = sourcecode.swift; path = ViewController.swift; sourceTree = "<group>"; };
		A04ED62A2AC1D688000F587E /* Base */ = {isa = PBXFileReference; lastKnownFileType = file.storyboard; name = Base; path = Base.lproj/Main.storyboard; sourceTree = "<group>"; };
		A04ED62C2AC1D689000F587E /* Assets.xcassets */ = {isa = PBXFileReference; lastKnownFileType = folder.assetcatalog; path = Assets.xcassets; sourceTree = "<group>"; };
		A04ED62F2AC1D689000F587E /* Base */ = {isa = PBXFileReference; lastKnownFileType = file.storyboard; name = Base; path = Base.lproj/LaunchScreen.storyboard; sourceTree = "<group>"; };
		A04ED6312AC1D689000F587E /* Info.plist */ = {isa = PBXFileReference; lastKnownFileType = text.plist.xml; path = Info.plist; sourceTree = "<group>"; };
		A04ED6362AC1D68A000F587E /* Sleep Paralysis Demon SlayerTests.xctest */ = {isa = PBXFileReference; explicitFileType = wrapper.cfbundle; includeInIndex = 0; path = "Sleep Paralysis Demon SlayerTests.xctest"; sourceTree = BUILT_PRODUCTS_DIR; };
		A04ED63A2AC1D68A000F587E /* Sleep_Paralysis_Demon_SlayerTests.swift */ = {isa = PBXFileReference; lastKnownFileType = sourcecode.swift; path = Sleep_Paralysis_Demon_SlayerTests.swift; sourceTree = "<group>"; };
		A04ED6402AC1D68A000F587E /* Sleep Paralysis Demon SlayerUITests.xctest */ = {isa = PBXFileReference; explicitFileType = wrapper.cfbundle; includeInIndex = 0; path = "Sleep Paralysis Demon SlayerUITests.xctest"; sourceTree = BUILT_PRODUCTS_DIR; };
		A04ED6442AC1D68A000F587E /* Sleep_Paralysis_Demon_SlayerUITests.swift */ = {isa = PBXFileReference; lastKnownFileType = sourcecode.swift; path = Sleep_Paralysis_Demon_SlayerUITests.swift; sourceTree = "<group>"; };
		A04ED6462AC1D68A000F587E /* Sleep_Paralysis_Demon_SlayerUITestsLaunchTests.swift */ = {isa = PBXFileReference; lastKnownFileType = sourcecode.swift; path = Sleep_Paralysis_Demon_SlayerUITestsLaunchTests.swift; sourceTree = "<group>"; };
/* End PBXFileReference section */

/* Begin PBXFrameworksBuildPhase section */
		A04ED61D2AC1D688000F587E /* Frameworks */ = {
			isa = PBXFrameworksBuildPhase;
			buildActionMask = 2147483647;
			files = (
			);
			runOnlyForDeploymentPostprocessing = 0;
		};
		A04ED6332AC1D68A000F587E /* Frameworks */ = {
			isa = PBXFrameworksBuildPhase;
			buildActionMask = 2147483647;
			files = (
			);
			runOnlyForDeploymentPostprocessing = 0;
		};
		A04ED63D2AC1D68A000F587E /* Frameworks */ = {
			isa = PBXFrameworksBuildPhase;
			buildActionMask = 2147483647;
			files = (
			);
			runOnlyForDeploymentPostprocessing = 0;
		};
/* End PBXFrameworksBuildPhase section */

/* Begin PBXGroup section */
		A04ED6172AC1D688000F587E = {
			isa = PBXGroup;
			children = (
				A04ED6222AC1D688000F587E /* Sleep Paralysis Demon Slayer */,
				A04ED6392AC1D68A000F587E /* Sleep Paralysis Demon SlayerTests */,
				A04ED6432AC1D68A000F587E /* Sleep Paralysis Demon SlayerUITests */,
				A04ED6212AC1D688000F587E /* Products */,
			);
			sourceTree = "<group>";
		};
		A04ED6212AC1D688000F587E /* Products */ = {
			isa = PBXGroup;
			children = (
				A04ED6202AC1D688000F587E /* Sleep Paralysis Demon Slayer.app */,
				A04ED6362AC1D68A000F587E /* Sleep Paralysis Demon SlayerTests.xctest */,
				A04ED6402AC1D68A000F587E /* Sleep Paralysis Demon SlayerUITests.xctest */,
			);
			name = Products;
			sourceTree = "<group>";
		};
		A04ED6222AC1D688000F587E /* Sleep Paralysis Demon Slayer */ = {
			isa = PBXGroup;
			children = (
				A04ED6232AC1D688000F587E /* AppDelegate.swift */,
				A04ED6252AC1D688000F587E /* SceneDelegate.swift */,
				A04ED6272AC1D688000F587E /* ViewController.swift */,
				A04ED6292AC1D688000F587E /* Main.storyboard */,
				A04ED62C2AC1D689000F587E /* Assets.xcassets */,
				A04ED62E2AC1D689000F587E /* LaunchScreen.storyboard */,
				A04ED6312AC1D689000F587E /* Info.plist */,
			);
			path = "Sleep Paralysis Demon Slayer";
			sourceTree = "<group>";
		};
		A04ED6392AC1D68A000F587E /* Sleep Paralysis Demon SlayerTests */ = {
			isa = PBXGroup;
			children = (
				A04ED63A2AC1D68A000F587E /* Sleep_Paralysis_Demon_SlayerTests.swift */,
			);
			path = "Sleep Paralysis Demon SlayerTests";
			sourceTree = "<group>";
		};
		A04ED6432AC1D68A000F587E /* Sleep Paralysis Demon SlayerUITests */ = {
			isa = PBXGroup;
			children = (
				A04ED6442AC1D68A000F587E /* Sleep_Paralysis_Demon_SlayerUITests.swift */,
				A04ED6462AC1D68A000F587E /* Sleep_Paralysis_Demon_SlayerUITestsLaunchTests.swift */,
			);
			path = "Sleep Paralysis Demon SlayerUITests";
			sourceTree = "<group>";
		};
/* End PBXGroup section */

/* Begin PBXNativeTarget section */
		A04ED61F2AC1D688000F587E /* Sleep Paralysis Demon Slayer */ = {
			isa = PBXNativeTarget;
			buildConfigurationList = A04ED64A2AC1D68A000F587E /* Build configuration list for PBXNativeTarget "Sleep Paralysis Demon Slayer" */;
			buildPhases = (
				A04ED61C2AC1D688000F587E /* Sources */,
				A04ED61D2AC1D688000F587E /* Frameworks */,
				A04ED61E2AC1D688000F587E /* Resources */,
			);
			buildRules = (
			);
			dependencies = (
			);
			name = "Sleep Paralysis Demon Slayer";
			productName = "Sleep Paralysis Demon Slayer";
			productReference = A04ED6202AC1D688000F587E /* Sleep Paralysis Demon Slayer.app */;
			productType = "com.apple.product-type.application";
		};
		A04ED6352AC1D68A000F587E /* Sleep Paralysis Demon SlayerTests */ = {
			isa = PBXNativeTarget;
			buildConfigurationList = A04ED64D2AC1D68A000F587E /* Build configuration list for PBXNativeTarget "Sleep Paralysis Demon SlayerTests" */;
			buildPhases = (
				A04ED6322AC1D68A000F587E /* Sources */,
				A04ED6332AC1D68A000F587E /* Frameworks */,
				A04ED6342AC1D68A000F587E /* Resources */,
			);
			buildRules = (
			);
			dependencies = (
				A04ED6382AC1D68A000F587E /* PBXTargetDependency */,
			);
			name = "Sleep Paralysis Demon SlayerTests";
			productName = "Sleep Paralysis Demon SlayerTests";
			productReference = A04ED6362AC1D68A000F587E /* Sleep Paralysis Demon SlayerTests.xctest */;
			productType = "com.apple.product-type.bundle.unit-test";
		};
		A04ED63F2AC1D68A000F587E /* Sleep Paralysis Demon SlayerUITests */ = {
			isa = PBXNativeTarget;
			buildConfigurationList = A04ED6502AC1D68A000F587E /* Build configuration list for PBXNativeTarget "Sleep Paralysis Demon SlayerUITests" */;
			buildPhases = (
				A04ED63C2AC1D68A000F587E /* Sources */,
				A04ED63D2AC1D68A000F587E /* Frameworks */,
				A04ED63E2AC1D68A000F587E /* Resources */,
			);
			buildRules = (
			);
			dependencies = (
				A04ED6422AC1D68A000F587E /* PBXTargetDependency */,
			);
			name = "Sleep Paralysis Demon SlayerUITests";
			productName = "Sleep Paralysis Demon SlayerUITests";
			productReference = A04ED6402AC1D68A000F587E /* Sleep Paralysis Demon SlayerUITests.xctest */;
			productType = "com.apple.product-type.bundle.ui-testing";
		};
/* End PBXNativeTarget section */

/* Begin PBXProject section */
		A04ED6182AC1D688000F587E /* Project object */ = {
			isa = PBXProject;
			attributes = {
				BuildIndependentTargetsInParallel = 1;
				LastSwiftUpdateCheck = 1430;
				LastUpgradeCheck = 1430;
				TargetAttributes = {
					A04ED61F2AC1D688000F587E = {
						CreatedOnToolsVersion = 14.3.1;
					};
					A04ED6352AC1D68A000F587E = {
						CreatedOnToolsVersion = 14.3.1;
						TestTargetID = A04ED61F2AC1D688000F587E;
					};
					A04ED63F2AC1D68A000F587E = {
						CreatedOnToolsVersion = 14.3.1;
						TestTargetID = A04ED61F2AC1D688000F587E;
					};
				};
			};
			buildConfigurationList = A04ED61B2AC1D688000F587E /* Build configuration list for PBXProject "Sleep Paralysis Demon Slayer" */;
			compatibilityVersion = "Xcode 14.0";
			developmentRegion = en;
			hasScannedForEncodings = 0;
			knownRegions = (
				en,
				Base,
			);
			mainGroup = A04ED6172AC1D688000F587E;
			productRefGroup = A04ED6212AC1D688000F587E /* Products */;
			projectDirPath = "";
			projectRoot = "";
			targets = (
				A04ED61F2AC1D688000F587E /* Sleep Paralysis Demon Slayer */,
				A04ED6352AC1D68A000F587E /* Sleep Paralysis Demon SlayerTests */,
				A04ED63F2AC1D68A000F587E /* Sleep Paralysis Demon SlayerUITests */,
			);
		};
/* End PBXProject section */

/* Begin PBXResourcesBuildPhase section */
		A04ED61E2AC1D688000F587E /* Resources */ = {
			isa = PBXResourcesBuildPhase;
			buildActionMask = 2147483647;
			files = (
				A04ED6302AC1D689000F587E /* LaunchScreen.storyboard in Resources */,
				A04ED62D2AC1D689000F587E /* Assets.xcassets in Resources */,
				A04ED62B2AC1D688000F587E /* Main.storyboard in Resources */,
			);
			runOnlyForDeploymentPostprocessing = 0;
		};
		A04ED6342AC1D68A000F587E /* Resources */ = {
			isa = PBXResourcesBuildPhase;
			buildActionMask = 2147483647;
			files = (
			);
			runOnlyForDeploymentPostprocessing = 0;
		};
		A04ED63E2AC1D68A000F587E /* Resources */ = {
			isa = PBXResourcesBuildPhase;
			buildActionMask = 2147483647;
			files = (
			);
			runOnlyForDeploymentPostprocessing = 0;
		};
/* End PBXResourcesBuildPhase section */

/* Begin PBXSourcesBuildPhase section */
		A04ED61C2AC1D688000F587E /* Sources */ = {
			isa = PBXSourcesBuildPhase;
			buildActionMask = 2147483647;
			files = (
				A04ED6282AC1D688000F587E /* ViewController.swift in Sources */,
				A04ED6242AC1D688000F587E /* AppDelegate.swift in Sources */,
				A04ED6262AC1D688000F587E /* SceneDelegate.swift in Sources */,
			);
			runOnlyForDeploymentPostprocessing = 0;
		};
		A04ED6322AC1D68A000F587E /* Sources */ = {
			isa = PBXSourcesBuildPhase;
			buildActionMask = 2147483647;
			files = (
				A04ED63B2AC1D68A000F587E /* Sleep_Paralysis_Demon_SlayerTests.swift in Sources */,
			);
			runOnlyForDeploymentPostprocessing = 0;
		};
		A04ED63C2AC1D68A000F587E /* Sources */ = {
			isa = PBXSourcesBuildPhase;
			buildActionMask = 2147483647;
			files = (
				A04ED6452AC1D68A000F587E /* Sleep_Paralysis_Demon_SlayerUITests.swift in Sources */,
				A04ED6472AC1D68A000F587E /* Sleep_Paralysis_Demon_SlayerUITestsLaunchTests.swift in Sources */,
			);
			runOnlyForDeploymentPostprocessing = 0;
		};
/* End PBXSourcesBuildPhase section */

/* Begin PBXTargetDependency section */
		A04ED6382AC1D68A000F587E /* PBXTargetDependency */ = {
			isa = PBXTargetDependency;
			target = A04ED61F2AC1D688000F587E /* Sleep Paralysis Demon Slayer */;
			targetProxy = A04ED6372AC1D68A000F587E /* PBXContainerItemProxy */;
		};
		A04ED6422AC1D68A000F587E /* PBXTargetDependency */ = {
			isa = PBXTargetDependency;
			target = A04ED61F2AC1D688000F587E /* Sleep Paralysis Demon Slayer */;
			targetProxy = A04ED6412AC1D68A000F587E /* PBXContainerItemProxy */;
		};
/* End PBXTargetDependency section */

/* Begin PBXVariantGroup section */
		A04ED6292AC1D688000F587E /* Main.storyboard */ = {
			isa = PBXVariantGroup;
			children = (
				A04ED62A2AC1D688000F587E /* Base */,
			);
			name = Main.storyboard;
			sourceTree = "<group>";
		};
		A04ED62E2AC1D689000F587E /* LaunchScreen.storyboard */ = {
			isa = PBXVariantGroup;
			children = (
				A04ED62F2AC1D689000F587E /* Base */,
			);
			name = LaunchScreen.storyboard;
			sourceTree = "<group>";
		};
/* End PBXVariantGroup section */

/* Begin XCBuildConfiguration section */
		A04ED6482AC1D68A000F587E /* Debug */ = {
			isa = XCBuildConfiguration;
			buildSettings = {
				ALWAYS_SEARCH_USER_PATHS = NO;
				CLANG_ANALYZER_NONNULL = YES;
				CLANG_ANALYZER_NUMBER_OBJECT_CONVERSION = YES_AGGRESSIVE;
				CLANG_CXX_LANGUAGE_STANDARD = "gnu++20";
				CLANG_ENABLE_MODULES = YES;
				CLANG_ENABLE_OBJC_ARC = YES;
				CLANG_ENABLE_OBJC_WEAK = YES;
				CLANG_WARN_BLOCK_CAPTURE_AUTORELEASING = YES;
				CLANG_WARN_BOOL_CONVERSION = YES;
				CLANG_WARN_COMMA = YES;
				CLANG_WARN_CONSTANT_CONVERSION = YES;
				CLANG_WARN_DEPRECATED_OBJC_IMPLEMENTATIONS = YES;
				CLANG_WARN_DIRECT_OBJC_ISA_USAGE = YES_ERROR;
				CLANG_WARN_DOCUMENTATION_COMMENTS = YES;
				CLANG_WARN_EMPTY_BODY = YES;
				CLANG_WARN_ENUM_CONVERSION = YES;
				CLANG_WARN_INFINITE_RECURSION = YES;
				CLANG_WARN_INT_CONVERSION = YES;
				CLANG_WARN_NON_LITERAL_NULL_CONVERSION = YES;
				CLANG_WARN_OBJC_IMPLICIT_RETAIN_SELF = YES;
				CLANG_WARN_OBJC_LITERAL_CONVERSION = YES;
				CLANG_WARN_OBJC_ROOT_CLASS = YES_ERROR;
				CLANG_WARN_QUOTED_INCLUDE_IN_FRAMEWORK_HEADER = YES;
				CLANG_WARN_RANGE_LOOP_ANALYSIS = YES;
				CLANG_WARN_STRICT_PROTOTYPES = YES;
				CLANG_WARN_SUSPICIOUS_MOVE = YES;
				CLANG_WARN_UNGUARDED_AVAILABILITY = YES_AGGRESSIVE;
				CLANG_WARN_UNREACHABLE_CODE = YES;
				CLANG_WARN__DUPLICATE_METHOD_MATCH = YES;
				COPY_PHASE_STRIP = NO;
				DEBUG_INFORMATION_FORMAT = dwarf;
				ENABLE_STRICT_OBJC_MSGSEND = YES;
				ENABLE_TESTABILITY = YES;
				GCC_C_LANGUAGE_STANDARD = gnu11;
				GCC_DYNAMIC_NO_PIC = NO;
				GCC_NO_COMMON_BLOCKS = YES;
				GCC_OPTIMIZATION_LEVEL = 0;
				GCC_PREPROCESSOR_DEFINITIONS = (
					"DEBUG=1",
					"$(inherited)",
				);
				GCC_WARN_64_TO_32_BIT_CONVERSION = YES;
				GCC_WARN_ABOUT_RETURN_TYPE = YES_ERROR;
				GCC_WARN_UNDECLARED_SELECTOR = YES;
				GCC_WARN_UNINITIALIZED_AUTOS = YES_AGGRESSIVE;
				GCC_WARN_UNUSED_FUNCTION = YES;
				GCC_WARN_UNUSED_VARIABLE = YES;
				IPHONEOS_DEPLOYMENT_TARGET = 16.4;
				MTL_ENABLE_DEBUG_INFO = INCLUDE_SOURCE;
				MTL_FAST_MATH = YES;
				ONLY_ACTIVE_ARCH = YES;
				SDKROOT = iphoneos;
				SWIFT_ACTIVE_COMPILATION_CONDITIONS = DEBUG;
				SWIFT_OPTIMIZATION_LEVEL = "-Onone";
			};
			name = Debug;
		};
		A04ED6492AC1D68A000F587E /* Release */ = {
			isa = XCBuildConfiguration;
			buildSettings = {
				ALWAYS_SEARCH_USER_PATHS = NO;
				CLANG_ANALYZER_NONNULL = YES;
				CLANG_ANALYZER_NUMBER_OBJECT_CONVERSION = YES_AGGRESSIVE;
				CLANG_CXX_LANGUAGE_STANDARD = "gnu++20";
				CLANG_ENABLE_MODULES = YES;
				CLANG_ENABLE_OBJC_ARC = YES;
				CLANG_ENABLE_OBJC_WEAK = YES;
				CLANG_WARN_BLOCK_CAPTURE_AUTORELEASING = YES;
				CLANG_WARN_BOOL_CONVERSION = YES;
				CLANG_WARN_COMMA = YES;
				CLANG_WARN_CONSTANT_CONVERSION = YES;
				CLANG_WARN_DEPRECATED_OBJC_IMPLEMENTATIONS = YES;
				CLANG_WARN_DIRECT_OBJC_ISA_USAGE = YES_ERROR;
				CLANG_WARN_DOCUMENTATION_COMMENTS = YES;
				CLANG_WARN_EMPTY_BODY = YES;
				CLANG_WARN_ENUM_CONVERSION = YES;
				CLANG_WARN_INFINITE_RECURSION = YES;
				CLANG_WARN_INT_CONVERSION = YES;
				CLANG_WARN_NON_LITERAL_NULL_CONVERSION = YES;
				CLANG_WARN_OBJC_IMPLICIT_RETAIN_SELF = YES;
				CLANG_WARN_OBJC_LITERAL_CONVERSION = YES;
				CLANG_WARN_OBJC_ROOT_CLASS = YES_ERROR;
				CLANG_WARN_QUOTED_INCLUDE_IN_FRAMEWORK_HEADER = YES;
				CLANG_WARN_RANGE_LOOP_ANALYSIS = YES;
				CLANG_WARN_STRICT_PROTOTYPES = YES;
				CLANG_WARN_SUSPICIOUS_MOVE = YES;
				CLANG_WARN_UNGUARDED_AVAILABILITY = YES_AGGRESSIVE;
				CLANG_WARN_UNREACHABLE_CODE = YES;
				CLANG_WARN__DUPLICATE_METHOD_MATCH = YES;
				COPY_PHASE_STRIP = NO;
				DEBUG_INFORMATION_FORMAT = "dwarf-with-dsym";
				ENABLE_NS_ASSERTIONS = NO;
				ENABLE_STRICT_OBJC_MSGSEND = YES;
				GCC_C_LANGUAGE_STANDARD = gnu11;
				GCC_NO_COMMON_BLOCKS = YES;
				GCC_WARN_64_TO_32_BIT_CONVERSION = YES;
				GCC_WARN_ABOUT_RETURN_TYPE = YES_ERROR;
				GCC_WARN_UNDECLARED_SELECTOR = YES;
				GCC_WARN_UNINITIALIZED_AUTOS = YES_AGGRESSIVE;
				GCC_WARN_UNUSED_FUNCTION = YES;
				GCC_WARN_UNUSED_VARIABLE = YES;
				IPHONEOS_DEPLOYMENT_TARGET = 16.4;
				MTL_ENABLE_DEBUG_INFO = NO;
				MTL_FAST_MATH = YES;
				SDKROOT = iphoneos;
				SWIFT_COMPILATION_MODE = wholemodule;
				SWIFT_OPTIMIZATION_LEVEL = "-O";
				VALIDATE_PRODUCT = YES;
			};
			name = Release;
		};
		A04ED64B2AC1D68A000F587E /* Debug */ = {
			isa = XCBuildConfiguration;
			buildSettings = {
				ASSETCATALOG_COMPILER_APPICON_NAME = AppIcon;
				ASSETCATALOG_COMPILER_GLOBAL_ACCENT_COLOR_NAME = AccentColor;
				CODE_SIGN_STYLE = Automatic;
				CURRENT_PROJECT_VERSION = 1;
				DEVELOPMENT_TEAM = B952JCGGWP;
				GENERATE_INFOPLIST_FILE = YES;
				INFOPLIST_FILE = "Sleep Paralysis Demon Slayer/Info.plist";
				INFOPLIST_KEY_UIApplicationSupportsIndirectInputEvents = YES;
				INFOPLIST_KEY_UILaunchStoryboardName = LaunchScreen;
				INFOPLIST_KEY_UIMainStoryboardFile = Main;
				INFOPLIST_KEY_UISupportedInterfaceOrientations_iPad = "UIInterfaceOrientationPortrait UIInterfaceOrientationPortraitUpsideDown UIInterfaceOrientationLandscapeLeft UIInterfaceOrientationLandscapeRight";
				INFOPLIST_KEY_UISupportedInterfaceOrientations_iPhone = "UIInterfaceOrientationPortrait UIInterfaceOrientationLandscapeLeft UIInterfaceOrientationLandscapeRight";
				LD_RUNPATH_SEARCH_PATHS = (
					"$(inherited)",
					"@executable_path/Frameworks",
				);
				MARKETING_VERSION = 1.0;
				PRODUCT_BUNDLE_IDENTIFIER = "lumos.Lucas.Sleep-Paralysis-Demon-Slayer";
				PRODUCT_NAME = "$(TARGET_NAME)";
				SWIFT_EMIT_LOC_STRINGS = YES;
				SWIFT_VERSION = 5.0;
				TARGETED_DEVICE_FAMILY = "1,2";
			};
			name = Debug;
		};
		A04ED64C2AC1D68A000F587E /* Release */ = {
			isa = XCBuildConfiguration;
			buildSettings = {
				ASSETCATALOG_COMPILER_APPICON_NAME = AppIcon;
				ASSETCATALOG_COMPILER_GLOBAL_ACCENT_COLOR_NAME = AccentColor;
				CODE_SIGN_STYLE = Automatic;
				CURRENT_PROJECT_VERSION = 1;
				DEVELOPMENT_TEAM = B952JCGGWP;
				GENERATE_INFOPLIST_FILE = YES;
				INFOPLIST_FILE = "Sleep Paralysis Demon Slayer/Info.plist";
				INFOPLIST_KEY_UIApplicationSupportsIndirectInputEvents = YES;
				INFOPLIST_KEY_UILaunchStoryboardName = LaunchScreen;
				INFOPLIST_KEY_UIMainStoryboardFile = Main;
				INFOPLIST_KEY_UISupportedInterfaceOrientations_iPad = "UIInterfaceOrientationPortrait UIInterfaceOrientationPortraitUpsideDown UIInterfaceOrientationLandscapeLeft UIInterfaceOrientationLandscapeRight";
				INFOPLIST_KEY_UISupportedInterfaceOrientations_iPhone = "UIInterfaceOrientationPortrait UIInterfaceOrientationLandscapeLeft UIInterfaceOrientationLandscapeRight";
				LD_RUNPATH_SEARCH_PATHS = (
					"$(inherited)",
					"@executable_path/Frameworks",
				);
				MARKETING_VERSION = 1.0;
				PRODUCT_BUNDLE_IDENTIFIER = "lumos.Lucas.Sleep-Paralysis-Demon-Slayer";
				PRODUCT_NAME = "$(TARGET_NAME)";
				SWIFT_EMIT_LOC_STRINGS = YES;
				SWIFT_VERSION = 5.0;
				TARGETED_DEVICE_FAMILY = "1,2";
			};
			name = Release;
		};
		A04ED64E2AC1D68A000F587E /* Debug */ = {
			isa = XCBuildConfiguration;
			buildSettings = {
				ALWAYS_EMBED_SWIFT_STANDARD_LIBRARIES = YES;
				BUNDLE_LOADER = "$(TEST_HOST)";
				CODE_SIGN_STYLE = Automatic;
				CURRENT_PROJECT_VERSION = 1;
				DEVELOPMENT_TEAM = B952JCGGWP;
				GENERATE_INFOPLIST_FILE = YES;
				IPHONEOS_DEPLOYMENT_TARGET = 16.4;
				MARKETING_VERSION = 1.0;
				PRODUCT_BUNDLE_IDENTIFIER = "lumos.Lucas.Sleep-Paralysis-Demon-SlayerTests";
				PRODUCT_NAME = "$(TARGET_NAME)";
				SWIFT_EMIT_LOC_STRINGS = NO;
				SWIFT_VERSION = 5.0;
				TARGETED_DEVICE_FAMILY = "1,2";
				TEST_HOST = "$(BUILT_PRODUCTS_DIR)/Sleep Paralysis Demon Slayer.app/$(BUNDLE_EXECUTABLE_FOLDER_PATH)/Sleep Paralysis Demon Slayer";
			};
			name = Debug;
		};
		A04ED64F2AC1D68A000F587E /* Release */ = {
			isa = XCBuildConfiguration;
			buildSettings = {
				ALWAYS_EMBED_SWIFT_STANDARD_LIBRARIES = YES;
				BUNDLE_LOADER = "$(TEST_HOST)";
				CODE_SIGN_STYLE = Automatic;
				CURRENT_PROJECT_VERSION = 1;
				DEVELOPMENT_TEAM = B952JCGGWP;
				GENERATE_INFOPLIST_FILE = YES;
				IPHONEOS_DEPLOYMENT_TARGET = 16.4;
				MARKETING_VERSION = 1.0;
				PRODUCT_BUNDLE_IDENTIFIER = "lumos.Lucas.Sleep-Paralysis-Demon-SlayerTests";
				PRODUCT_NAME = "$(TARGET_NAME)";
				SWIFT_EMIT_LOC_STRINGS = NO;
				SWIFT_VERSION = 5.0;
				TARGETED_DEVICE_FAMILY = "1,2";
				TEST_HOST = "$(BUILT_PRODUCTS_DIR)/Sleep Paralysis Demon Slayer.app/$(BUNDLE_EXECUTABLE_FOLDER_PATH)/Sleep Paralysis Demon Slayer";
			};
			name = Release;
		};
		A04ED6512AC1D68A000F587E /* Debug */ = {
			isa = XCBuildConfiguration;
			buildSettings = {
				ALWAYS_EMBED_SWIFT_STANDARD_LIBRARIES = YES;
				CODE_SIGN_STYLE = Automatic;
				CURRENT_PROJECT_VERSION = 1;
				DEVELOPMENT_TEAM = B952JCGGWP;
				GENERATE_INFOPLIST_FILE = YES;
				MARKETING_VERSION = 1.0;
				PRODUCT_BUNDLE_IDENTIFIER = "lumos.Lucas.Sleep-Paralysis-Demon-SlayerUITests";
				PRODUCT_NAME = "$(TARGET_NAME)";
				SWIFT_EMIT_LOC_STRINGS = NO;
				SWIFT_VERSION = 5.0;
				TARGETED_DEVICE_FAMILY = "1,2";
				TEST_TARGET_NAME = "Sleep Paralysis Demon Slayer";
			};
			name = Debug;
		};
		A04ED6522AC1D68A000F587E /* Release */ = {
			isa = XCBuildConfiguration;
			buildSettings = {
				ALWAYS_EMBED_SWIFT_STANDARD_LIBRARIES = YES;
				CODE_SIGN_STYLE = Automatic;
				CURRENT_PROJECT_VERSION = 1;
				DEVELOPMENT_TEAM = B952JCGGWP;
				GENERATE_INFOPLIST_FILE = YES;
				MARKETING_VERSION = 1.0;
				PRODUCT_BUNDLE_IDENTIFIER = "lumos.Lucas.Sleep-Paralysis-Demon-SlayerUITests";
				PRODUCT_NAME = "$(TARGET_NAME)";
				SWIFT_EMIT_LOC_STRINGS = NO;
				SWIFT_VERSION = 5.0;
				TARGETED_DEVICE_FAMILY = "1,2";
				TEST_TARGET_NAME = "Sleep Paralysis Demon Slayer";
			};
			name = Release;
		};
/* End XCBuildConfiguration section */

/* Begin XCConfigurationList section */
		A04ED61B2AC1D688000F587E /* Build configuration list for PBXProject "Sleep Paralysis Demon Slayer" */ = {
			isa = XCConfigurationList;
			buildConfigurations = (
				A04ED6482AC1D68A000F587E /* Debug */,
				A04ED6492AC1D68A000F587E /* Release */,
			);
			defaultConfigurationIsVisible = 0;
			defaultConfigurationName = Release;
		};
		A04ED64A2AC1D68A000F587E /* Build configuration list for PBXNativeTarget "Sleep Paralysis Demon Slayer" */ = {
			isa = XCConfigurationList;
			buildConfigurations = (
				A04ED64B2AC1D68A000F587E /* Debug */,
				A04ED64C2AC1D68A000F587E /* Release */,
			);
			defaultConfigurationIsVisible = 0;
			defaultConfigurationName = Release;
		};
		A04ED64D2AC1D68A000F587E /* Build configuration list for PBXNativeTarget "Sleep Paralysis Demon SlayerTests" */ = {
			isa = XCConfigurationList;
			buildConfigurations = (
				A04ED64E2AC1D68A000F587E /* Debug */,
				A04ED64F2AC1D68A000F587E /* Release */,
			);
			defaultConfigurationIsVisible = 0;
			defaultConfigurationName = Release;
		};
		A04ED6502AC1D68A000F587E /* Build configuration list for PBXNativeTarget "Sleep Paralysis Demon SlayerUITests" */ = {
			isa = XCConfigurationList;
			buildConfigurations = (
				A04ED6512AC1D68A000F587E /* Debug */,
				A04ED6522AC1D68A000F587E /* Release */,
			);
			defaultConfigurationIsVisible = 0;
			defaultConfigurationName = Release;
		};
/* End XCConfigurationList section */
	};
	rootObject = A04ED6182AC1D688000F587E /* Project object */;
}
